
Microsoft Visual Studio Solution File, Format Version 12.00
# Visual Studio Version 16
VisualStudioVersion = 16.0.30128.74
MinimumVisualStudioVersion = 10.0.40219.1
Project("{FAE04EC0-301F-11D3-BF4B-00C04F79EFBC}") = "Triangle", "Triangle\Triangle.csproj", "{FAB2F0B8-7A52-44F0-830D-2ECF4956E2A7}"
EndProject
Global
	GlobalSection(SolutionConfigurationPlatforms) = preSolution
		Debug|Any CPU = Debug|Any CPU
		Release|Any CPU = Release|Any CPU
	EndGlobalSection
	GlobalSection(ProjectConfigurationPlatforms) = postSolution
		{FAB2F0B8-7A52-44F0-830D-2ECF4956E2A7}.Debug|Any CPU.ActiveCfg = Debug|Any CPU
		{FAB2F0B8-7A52-44F0-830D-2ECF4956E2A7}.Debug|Any CPU.Build.0 = Debug|Any CPU
		{FAB2F0B8-7A52-44F0-830D-2ECF4956E2A7}.Release|Any CPU.ActiveCfg = Release|Any CPU
		{FAB2F0B8-7A52-44F0-830D-2ECF4956E2A7}.Release|Any CPU.Build.0 = Release|Any CPU
	EndGlobalSection
	GlobalSection(SolutionProperties) = preSolution
		HideSolutionNode = FALSE
	EndGlobalSection
	GlobalSection(ExtensibilityGlobals) = postSolution
		SolutionGuid = {A808227A-755A-4DDC-8DD4-DCA2A42C6BEC}
	EndGlobalSection
EndGlobal
